{
  "originHash" : "2a8e6d4b2d4ca3db8af75a1e986bcafac551ed3385cb6451eb863fc4395a18db",
  "pins" : [
    {
      "identity" : "swift-syntax",
      "kind" : "remoteSourceControl",
      "location" : "https://github.com/swiftlang/swift-syntax.git",
      "state" : {
        "revision" : "0687f71944021d616d34d922343dcef086855920",
        "version" : "600.0.1"
      }
    }
  ],
  "version" : 3
}
